
Microsoft Visual Studio Solution File, Format Version 12.00
# Visual Studio Version 17
VisualStudioVersion = 17.0.31903.59
MinimumVisualStudioVersion = 10.0.40219.1
Project("{9A19103F-16F7-4668-BE54-9A1E7A4F7556}") = "PubsubApp.Api", "PubsubApp.Api\PubsubApp.Api.csproj", "{4DF39EF0-8D14-4465-8568-BDC6ED431B08}"
EndProject
Project("{9A19103F-16F7-4668-BE54-9A1E7A4F7556}") = "PubsubApp.Worker", "PubsubApp.Worker\PubsubApp.Worker.csproj", "{44D6F2A8-6C10-4BC3-8AA1-1ADC1D11FEBB}"
EndProject
Global
	GlobalSection(SolutionConfigurationPlatforms) = preSolution
		Debug|Any CPU = Debug|Any CPU
		Release|Any CPU = Release|Any CPU
	EndGlobalSection
	GlobalSection(ProjectConfigurationPlatforms) = postSolution
		{4DF39EF0-8D14-4465-8568-BDC6ED431B08}.Debug|Any CPU.ActiveCfg = Debug|Any CPU
		{4DF39EF0-8D14-4465-8568-BDC6ED431B08}.Debug|Any CPU.Build.0 = Debug|Any CPU
		{4DF39EF0-8D14-4465-8568-BDC6ED431B08}.Release|Any CPU.ActiveCfg = Release|Any CPU
		{4DF39EF0-8D14-4465-8568-BDC6ED431B08}.Release|Any CPU.Build.0 = Release|Any CPU
		{44D6F2A8-6C10-4BC3-8AA1-1ADC1D11FEBB}.Debug|Any CPU.ActiveCfg = Debug|Any CPU
		{44D6F2A8-6C10-4BC3-8AA1-1ADC1D11FEBB}.Debug|Any CPU.Build.0 = Debug|Any CPU
		{44D6F2A8-6C10-4BC3-8AA1-1ADC1D11FEBB}.Release|Any CPU.ActiveCfg = Release|Any CPU
		{44D6F2A8-6C10-4BC3-8AA1-1ADC1D11FEBB}.Release|Any CPU.Build.0 = Release|Any CPU
	EndGlobalSection
	GlobalSection(SolutionProperties) = preSolution
		HideSolutionNode = FALSE
	EndGlobalSection
	GlobalSection(ExtensibilityGlobals) = postSolution
		SolutionGuid = {73B5E408-8489-42BF-A69C-3DB16F6D3D2E}
	EndGlobalSection
EndGlobal
